// !$*UTF8*$!
{
	archiveVersion = 1;
	classes = {
	};
	objectVersion = 50;
	objects = {

/* Begin PBXBuildFile section */
		D7DC3DF225E5CF3A0024C9AF /* MoonShotApp.swift in Sources */ = {isa = PBXBuildFile; fileRef = D7DC3DF125E5CF3A0024C9AF /* MoonShotApp.swift */; };
		D7DC3DF425E5CF3A0024C9AF /* ContentView.swift in Sources */ = {isa = PBXBuildFile; fileRef = D7DC3DF325E5CF3A0024C9AF /* ContentView.swift */; };
		D7DC3DF625E5CF470024C9AF /* Assets.xcassets in Resources */ = {isa = PBXBuildFile; fileRef = D7DC3DF525E5CF470024C9AF /* Assets.xcassets */; };
		D7DC3DF925E5CF470024C9AF /* Preview Assets.xcassets in Resources */ = {isa = PBXBuildFile; fileRef = D7DC3DF825E5CF470024C9AF /* Preview Assets.xcassets */; };
		D7DC3E0425E5CF470024C9AF /* MoonShotTests.swift in Sources */ = {isa = PBXBuildFile; fileRef = D7DC3E0325E5CF470024C9AF /* MoonShotTests.swift */; };
		D7DC3E0F25E5CF470024C9AF /* MoonShotUITests.swift in Sources */ = {isa = PBXBuildFile; fileRef = D7DC3E0E25E5CF470024C9AF /* MoonShotUITests.swift */; };
/* End PBXBuildFile section */

/* Begin PBXContainerItemProxy section */
		D7DC3E0025E5CF470024C9AF /* PBXContainerItemProxy */ = {
			isa = PBXContainerItemProxy;
			containerPortal = D7DC3DE625E5CF3A0024C9AF /* Project object */;
			proxyType = 1;
			remoteGlobalIDString = D7DC3DED25E5CF3A0024C9AF;
			remoteInfo = MoonShot;
		};
		D7DC3E0B25E5CF470024C9AF /* PBXContainerItemProxy */ = {
			isa = PBXContainerItemProxy;
			containerPortal = D7DC3DE625E5CF3A0024C9AF /* Project object */;
			proxyType = 1;
			remoteGlobalIDString = D7DC3DED25E5CF3A0024C9AF;
			remoteInfo = MoonShot;
		};
/* End PBXContainerItemProxy section */

/* Begin PBXFileReference section */
		D7DC3DEE25E5CF3A0024C9AF /* MoonShot.app */ = {isa = PBXFileReference; explicitFileType = wrapper.application; includeInIndex = 0; path = MoonShot.app; sourceTree = BUILT_PRODUCTS_DIR; };
		D7DC3DF125E5CF3A0024C9AF /* MoonShotApp.swift */ = {isa = PBXFileReference; lastKnownFileType = sourcecode.swift; path = MoonShotApp.swift; sourceTree = "<group>"; };
		D7DC3DF325E5CF3A0024C9AF /* ContentView.swift */ = {isa = PBXFileReference; lastKnownFileType = sourcecode.swift; path = ContentView.swift; sourceTree = "<group>"; };
		D7DC3DF525E5CF470024C9AF /* Assets.xcassets */ = {isa = PBXFileReference; lastKnownFileType = folder.assetcatalog; path = Assets.xcassets; sourceTree = "<group>"; };
		D7DC3DF825E5CF470024C9AF /* Preview Assets.xcassets */ = {isa = PBXFileReference; lastKnownFileType = folder.assetcatalog; path = "Preview Assets.xcassets"; sourceTree = "<group>"; };
		D7DC3DFA25E5CF470024C9AF /* Info.plist */ = {isa = PBXFileReference; lastKnownFileType = text.plist.xml; path = Info.plist; sourceTree = "<group>"; };
		D7DC3DFF25E5CF470024C9AF /* MoonShotTests.xctest */ = {isa = PBXFileReference; explicitFileType = wrapper.cfbundle; includeInIndex = 0; path = MoonShotTests.xctest; sourceTree = BUILT_PRODUCTS_DIR; };
		D7DC3E0325E5CF470024C9AF /* MoonShotTests.swift */ = {isa = PBXFileReference; lastKnownFileType = sourcecode.swift; path = MoonShotTests.swift; sourceTree = "<group>"; };
		D7DC3E0525E5CF470024C9AF /* Info.plist */ = {isa = PBXFileReference; lastKnownFileType = text.plist.xml; path = Info.plist; sourceTree = "<group>"; };
		D7DC3E0A25E5CF470024C9AF /* MoonShotUITests.xctest */ = {isa = PBXFileReference; explicitFileType = wrapper.cfbundle; includeInIndex = 0; path = MoonShotUITests.xctest; sourceTree = BUILT_PRODUCTS_DIR; };
		D7DC3E0E25E5CF470024C9AF /* MoonShotUITests.swift */ = {isa = PBXFileReference; lastKnownFileType = sourcecode.swift; path = MoonShotUITests.swift; sourceTree = "<group>"; };
		D7DC3E1025E5CF470024C9AF /* Info.plist */ = {isa = PBXFileReference; lastKnownFileType = text.plist.xml; path = Info.plist; sourceTree = "<group>"; };
/* End PBXFileReference section */

/* Begin PBXFrameworksBuildPhase section */
		D7DC3DEB25E5CF3A0024C9AF /* Frameworks */ = {
			isa = PBXFrameworksBuildPhase;
			buildActionMask = 2147483647;
			files = (
			);
			runOnlyForDeploymentPostprocessing = 0;
		};
		D7DC3DFC25E5CF470024C9AF /* Frameworks */ = {
			isa = PBXFrameworksBuildPhase;
			buildActionMask = 2147483647;
			files = (
			);
			runOnlyForDeploymentPostprocessing = 0;
		};
		D7DC3E0725E5CF470024C9AF /* Frameworks */ = {
			isa = PBXFrameworksBuildPhase;
			buildActionMask = 2147483647;
			files = (
			);
			runOnlyForDeploymentPostprocessing = 0;
		};
/* End PBXFrameworksBuildPhase section */

/* Begin PBXGroup section */
		D7DC3DE525E5CF3A0024C9AF = {
			isa = PBXGroup;
			children = (
				D7DC3DF025E5CF3A0024C9AF /* MoonShot */,
				D7DC3E0225E5CF470024C9AF /* MoonShotTests */,
				D7DC3E0D25E5CF470024C9AF /* MoonShotUITests */,
				D7DC3DEF25E5CF3A0024C9AF /* Products */,
			);
			sourceTree = "<group>";
		};
		D7DC3DEF25E5CF3A0024C9AF /* Products */ = {
			isa = PBXGroup;
			children = (
				D7DC3DEE25E5CF3A0024C9AF /* MoonShot.app */,
				D7DC3DFF25E5CF470024C9AF /* MoonShotTests.xctest */,
				D7DC3E0A25E5CF470024C9AF /* MoonShotUITests.xctest */,
			);
			name = Products;
			sourceTree = "<group>";
		};
		D7DC3DF025E5CF3A0024C9AF /* MoonShot */ = {
			isa = PBXGroup;
			children = (
				D7DC3DF125E5CF3A0024C9AF /* MoonShotApp.swift */,
				D7DC3DF325E5CF3A0024C9AF /* ContentView.swift */,
				D7DC3DF525E5CF470024C9AF /* Assets.xcassets */,
				D7DC3DFA25E5CF470024C9AF /* Info.plist */,
				D7DC3DF725E5CF470024C9AF /* Preview Content */,
			);
			path = MoonShot;
			sourceTree = "<group>";
		};
		D7DC3DF725E5CF470024C9AF /* Preview Content */ = {
			isa = PBXGroup;
			children = (
				D7DC3DF825E5CF470024C9AF /* Preview Assets.xcassets */,
			);
			path = "Preview Content";
			sourceTree = "<group>";
		};
		D7DC3E0225E5CF470024C9AF /* MoonShotTests */ = {
			isa = PBXGroup;
			children = (
				D7DC3E0325E5CF470024C9AF /* MoonShotTests.swift */,
				D7DC3E0525E5CF470024C9AF /* Info.plist */,
			);
			path = MoonShotTests;
			sourceTree = "<group>";
		};
		D7DC3E0D25E5CF470024C9AF /* MoonShotUITests */ = {
			isa = PBXGroup;
			children = (
				D7DC3E0E25E5CF470024C9AF /* MoonShotUITests.swift */,
				D7DC3E1025E5CF470024C9AF /* Info.plist */,
			);
			path = MoonShotUITests;
			sourceTree = "<group>";
		};
/* End PBXGroup section */

/* Begin PBXNativeTarget section */
		D7DC3DED25E5CF3A0024C9AF /* MoonShot */ = {
			isa = PBXNativeTarget;
			buildConfigurationList = D7DC3E1325E5CF470024C9AF /* Build configuration list for PBXNativeTarget "MoonShot" */;
			buildPhases = (
				D7DC3DEA25E5CF3A0024C9AF /* Sources */,
				D7DC3DEB25E5CF3A0024C9AF /* Frameworks */,
				D7DC3DEC25E5CF3A0024C9AF /* Resources */,
			);
			buildRules = (
			);
			dependencies = (
			);
			name = MoonShot;
			productName = MoonShot;
			productReference = D7DC3DEE25E5CF3A0024C9AF /* MoonShot.app */;
			productType = "com.apple.product-type.application";
		};
		D7DC3DFE25E5CF470024C9AF /* MoonShotTests */ = {
			isa = PBXNativeTarget;
			buildConfigurationList = D7DC3E1625E5CF470024C9AF /* Build configuration list for PBXNativeTarget "MoonShotTests" */;
			buildPhases = (
				D7DC3DFB25E5CF470024C9AF /* Sources */,
				D7DC3DFC25E5CF470024C9AF /* Frameworks */,
				D7DC3DFD25E5CF470024C9AF /* Resources */,
			);
			buildRules = (
			);
			dependencies = (
				D7DC3E0125E5CF470024C9AF /* PBXTargetDependency */,
			);
			name = MoonShotTests;
			productName = MoonShotTests;
			productReference = D7DC3DFF25E5CF470024C9AF /* MoonShotTests.xctest */;
			productType = "com.apple.product-type.bundle.unit-test";
		};
		D7DC3E0925E5CF470024C9AF /* MoonShotUITests */ = {
			isa = PBXNativeTarget;
			buildConfigurationList = D7DC3E1925E5CF470024C9AF /* Build configuration list for PBXNativeTarget "MoonShotUITests" */;
			buildPhases = (
				D7DC3E0625E5CF470024C9AF /* Sources */,
				D7DC3E0725E5CF470024C9AF /* Frameworks */,
				D7DC3E0825E5CF470024C9AF /* Resources */,
			);
			buildRules = (
			);
			dependencies = (
				D7DC3E0C25E5CF470024C9AF /* PBXTargetDependency */,
			);
			name = MoonShotUITests;
			productName = MoonShotUITests;
			productReference = D7DC3E0A25E5CF470024C9AF /* MoonShotUITests.xctest */;
			productType = "com.apple.product-type.bundle.ui-testing";
		};
/* End PBXNativeTarget section */

/* Begin PBXProject section */
		D7DC3DE625E5CF3A0024C9AF /* Project object */ = {
			isa = PBXProject;
			attributes = {
				LastSwiftUpdateCheck = 1240;
				LastUpgradeCheck = 1240;
				TargetAttributes = {
					D7DC3DED25E5CF3A0024C9AF = {
						CreatedOnToolsVersion = 12.4;
					};
					D7DC3DFE25E5CF470024C9AF = {
						CreatedOnToolsVersion = 12.4;
						TestTargetID = D7DC3DED25E5CF3A0024C9AF;
					};
					D7DC3E0925E5CF470024C9AF = {
						CreatedOnToolsVersion = 12.4;
						TestTargetID = D7DC3DED25E5CF3A0024C9AF;
					};
				};
			};
			buildConfigurationList = D7DC3DE925E5CF3A0024C9AF /* Build configuration list for PBXProject "MoonShot" */;
			compatibilityVersion = "Xcode 9.3";
			developmentRegion = en;
			hasScannedForEncodings = 0;
			knownRegions = (
				en,
				Base,
			);
			mainGroup = D7DC3DE525E5CF3A0024C9AF;
			productRefGroup = D7DC3DEF25E5CF3A0024C9AF /* Products */;
			projectDirPath = "";
			projectRoot = "";
			targets = (
				D7DC3DED25E5CF3A0024C9AF /* MoonShot */,
				D7DC3DFE25E5CF470024C9AF /* MoonShotTests */,
				D7DC3E0925E5CF470024C9AF /* MoonShotUITests */,
			);
		};
/* End PBXProject section */

/* Begin PBXResourcesBuildPhase section */
		D7DC3DEC25E5CF3A0024C9AF /* Resources */ = {
			isa = PBXResourcesBuildPhase;
			buildActionMask = 2147483647;
			files = (
				D7DC3DF925E5CF470024C9AF /* Preview Assets.xcassets in Resources */,
				D7DC3DF625E5CF470024C9AF /* Assets.xcassets in Resources */,
			);
			runOnlyForDeploymentPostprocessing = 0;
		};
		D7DC3DFD25E5CF470024C9AF /* Resources */ = {
			isa = PBXResourcesBuildPhase;
			buildActionMask = 2147483647;
			files = (
			);
			runOnlyForDeploymentPostprocessing = 0;
		};
		D7DC3E0825E5CF470024C9AF /* Resources */ = {
			isa = PBXResourcesBuildPhase;
			buildActionMask = 2147483647;
			files = (
			);
			runOnlyForDeploymentPostprocessing = 0;
		};
/* End PBXResourcesBuildPhase section */

/* Begin PBXSourcesBuildPhase section */
		D7DC3DEA25E5CF3A0024C9AF /* Sources */ = {
			isa = PBXSourcesBuildPhase;
			buildActionMask = 2147483647;
			files = (
				D7DC3DF425E5CF3A0024C9AF /* ContentView.swift in Sources */,
				D7DC3DF225E5CF3A0024C9AF /* MoonShotApp.swift in Sources */,
			);
			runOnlyForDeploymentPostprocessing = 0;
		};
		D7DC3DFB25E5CF470024C9AF /* Sources */ = {
			isa = PBXSourcesBuildPhase;
			buildActionMask = 2147483647;
			files = (
				D7DC3E0425E5CF470024C9AF /* MoonShotTests.swift in Sources */,
			);
			runOnlyForDeploymentPostprocessing = 0;
		};
		D7DC3E0625E5CF470024C9AF /* Sources */ = {
			isa = PBXSourcesBuildPhase;
			buildActionMask = 2147483647;
			files = (
				D7DC3E0F25E5CF470024C9AF /* MoonShotUITests.swift in Sources */,
			);
			runOnlyForDeploymentPostprocessing = 0;
		};
/* End PBXSourcesBuildPhase section */

/* Begin PBXTargetDependency section */
		D7DC3E0125E5CF470024C9AF /* PBXTargetDependency */ = {
			isa = PBXTargetDependency;
			target = D7DC3DED25E5CF3A0024C9AF /* MoonShot */;
			targetProxy = D7DC3E0025E5CF470024C9AF /* PBXContainerItemProxy */;
		};
		D7DC3E0C25E5CF470024C9AF /* PBXTargetDependency */ = {
			isa = PBXTargetDependency;
			target = D7DC3DED25E5CF3A0024C9AF /* MoonShot */;
			targetProxy = D7DC3E0B25E5CF470024C9AF /* PBXContainerItemProxy */;
		};
/* End PBXTargetDependency section */

/* Begin XCBuildConfiguration section */
		D7DC3E1125E5CF470024C9AF /* Debug */ = {
			isa = XCBuildConfiguration;
			buildSettings = {
				ALWAYS_SEARCH_USER_PATHS = NO;
				CLANG_ANALYZER_NONNULL = YES;
				CLANG_ANALYZER_NUMBER_OBJECT_CONVERSION = YES_AGGRESSIVE;
				CLANG_CXX_LANGUAGE_STANDARD = "gnu++14";
				CLANG_CXX_LIBRARY = "libc++";
				CLANG_ENABLE_MODULES = YES;
				CLANG_ENABLE_OBJC_ARC = YES;
				CLANG_ENABLE_OBJC_WEAK = YES;
				CLANG_WARN_BLOCK_CAPTURE_AUTORELEASING = YES;
				CLANG_WARN_BOOL_CONVERSION = YES;
				CLANG_WARN_COMMA = YES;
				CLANG_WARN_CONSTANT_CONVERSION = YES;
				CLANG_WARN_DEPRECATED_OBJC_IMPLEMENTATIONS = YES;
				CLANG_WARN_DIRECT_OBJC_ISA_USAGE = YES_ERROR;
				CLANG_WARN_DOCUMENTATION_COMMENTS = YES;
				CLANG_WARN_EMPTY_BODY = YES;
				CLANG_WARN_ENUM_CONVERSION = YES;
				CLANG_WARN_INFINITE_RECURSION = YES;
				CLANG_WARN_INT_CONVERSION = YES;
				CLANG_WARN_NON_LITERAL_NULL_CONVERSION = YES;
				CLANG_WARN_OBJC_IMPLICIT_RETAIN_SELF = YES;
				CLANG_WARN_OBJC_LITERAL_CONVERSION = YES;
				CLANG_WARN_OBJC_ROOT_CLASS = YES_ERROR;
				CLANG_WARN_QUOTED_INCLUDE_IN_FRAMEWORK_HEADER = YES;
				CLANG_WARN_RANGE_LOOP_ANALYSIS = YES;
				CLANG_WARN_STRICT_PROTOTYPES = YES;
				CLANG_WARN_SUSPICIOUS_MOVE = YES;
				CLANG_WARN_UNGUARDED_AVAILABILITY = YES_AGGRESSIVE;
				CLANG_WARN_UNREACHABLE_CODE = YES;
				CLANG_WARN__DUPLICATE_METHOD_MATCH = YES;
				COPY_PHASE_STRIP = NO;
				DEBUG_INFORMATION_FORMAT = dwarf;
				ENABLE_STRICT_OBJC_MSGSEND = YES;
				ENABLE_TESTABILITY = YES;
				GCC_C_LANGUAGE_STANDARD = gnu11;
				GCC_DYNAMIC_NO_PIC = NO;
				GCC_NO_COMMON_BLOCKS = YES;
				GCC_OPTIMIZATION_LEVEL = 0;
				GCC_PREPROCESSOR_DEFINITIONS = (
					"DEBUG=1",
					"$(inherited)",
				);
				GCC_WARN_64_TO_32_BIT_CONVERSION = YES;
				GCC_WARN_ABOUT_RETURN_TYPE = YES_ERROR;
				GCC_WARN_UNDECLARED_SELECTOR = YES;
				GCC_WARN_UNINITIALIZED_AUTOS = YES_AGGRESSIVE;
				GCC_WARN_UNUSED_FUNCTION = YES;
				GCC_WARN_UNUSED_VARIABLE = YES;
				IPHONEOS_DEPLOYMENT_TARGET = 14.4;
				MTL_ENABLE_DEBUG_INFO = INCLUDE_SOURCE;
				MTL_FAST_MATH = YES;
				ONLY_ACTIVE_ARCH = YES;
				SDKROOT = iphoneos;
				SWIFT_ACTIVE_COMPILATION_CONDITIONS = DEBUG;
				SWIFT_OPTIMIZATION_LEVEL = "-Onone";
			};
			name = Debug;
		};
		D7DC3E1225E5CF470024C9AF /* Release */ = {
			isa = XCBuildConfiguration;
			buildSettings = {
				ALWAYS_SEARCH_USER_PATHS = NO;
				CLANG_ANALYZER_NONNULL = YES;
				CLANG_ANALYZER_NUMBER_OBJECT_CONVERSION = YES_AGGRESSIVE;
				CLANG_CXX_LANGUAGE_STANDARD = "gnu++14";
				CLANG_CXX_LIBRARY = "libc++";
				CLANG_ENABLE_MODULES = YES;
				CLANG_ENABLE_OBJC_ARC = YES;
				CLANG_ENABLE_OBJC_WEAK = YES;
				CLANG_WARN_BLOCK_CAPTURE_AUTORELEASING = YES;
				CLANG_WARN_BOOL_CONVERSION = YES;
				CLANG_WARN_COMMA = YES;
				CLANG_WARN_CONSTANT_CONVERSION = YES;
				CLANG_WARN_DEPRECATED_OBJC_IMPLEMENTATIONS = YES;
				CLANG_WARN_DIRECT_OBJC_ISA_USAGE = YES_ERROR;
				CLANG_WARN_DOCUMENTATION_COMMENTS = YES;
				CLANG_WARN_EMPTY_BODY = YES;
				CLANG_WARN_ENUM_CONVERSION = YES;
				CLANG_WARN_INFINITE_RECURSION = YES;
				CLANG_WARN_INT_CONVERSION = YES;
				CLANG_WARN_NON_LITERAL_NULL_CONVERSION = YES;
				CLANG_WARN_OBJC_IMPLICIT_RETAIN_SELF = YES;
				CLANG_WARN_OBJC_LITERAL_CONVERSION = YES;
				CLANG_WARN_OBJC_ROOT_CLASS = YES_ERROR;
				CLANG_WARN_QUOTED_INCLUDE_IN_FRAMEWORK_HEADER = YES;
				CLANG_WARN_RANGE_LOOP_ANALYSIS = YES;
				CLANG_WARN_STRICT_PROTOTYPES = YES;
				CLANG_WARN_SUSPICIOUS_MOVE = YES;
				CLANG_WARN_UNGUARDED_AVAILABILITY = YES_AGGRESSIVE;
				CLANG_WARN_UNREACHABLE_CODE = YES;
				CLANG_WARN__DUPLICATE_METHOD_MATCH = YES;
				COPY_PHASE_STRIP = NO;
				DEBUG_INFORMATION_FORMAT = "dwarf-with-dsym";
				ENABLE_NS_ASSERTIONS = NO;
				ENABLE_STRICT_OBJC_MSGSEND = YES;
				GCC_C_LANGUAGE_STANDARD = gnu11;
				GCC_NO_COMMON_BLOCKS = YES;
				GCC_WARN_64_TO_32_BIT_CONVERSION = YES;
				GCC_WARN_ABOUT_RETURN_TYPE = YES_ERROR;
				GCC_WARN_UNDECLARED_SELECTOR = YES;
				GCC_WARN_UNINITIALIZED_AUTOS = YES_AGGRESSIVE;
				GCC_WARN_UNUSED_FUNCTION = YES;
				GCC_WARN_UNUSED_VARIABLE = YES;
				IPHONEOS_DEPLOYMENT_TARGET = 14.4;
				MTL_ENABLE_DEBUG_INFO = NO;
				MTL_FAST_MATH = YES;
				SDKROOT = iphoneos;
				SWIFT_COMPILATION_MODE = wholemodule;
				SWIFT_OPTIMIZATION_LEVEL = "-O";
				VALIDATE_PRODUCT = YES;
			};
			name = Release;
		};
		D7DC3E1425E5CF470024C9AF /* Debug */ = {
			isa = XCBuildConfiguration;
			buildSettings = {
				ASSETCATALOG_COMPILER_APPICON_NAME = AppIcon;
				ASSETCATALOG_COMPILER_GLOBAL_ACCENT_COLOR_NAME = AccentColor;
				CODE_SIGN_STYLE = Automatic;
				DEVELOPMENT_ASSET_PATHS = "\"MoonShot/Preview Content\"";
				DEVELOPMENT_TEAM = SVBG9WTA7B;
				ENABLE_PREVIEWS = YES;
				INFOPLIST_FILE = MoonShot/Info.plist;
				IPHONEOS_DEPLOYMENT_TARGET = 14.0;
				LD_RUNPATH_SEARCH_PATHS = (
					"$(inherited)",
					"@executable_path/Frameworks",
				);
				PRODUCT_BUNDLE_IDENTIFIER = com.cyndichin.MoonShot;
				PRODUCT_NAME = "$(TARGET_NAME)";
				SWIFT_VERSION = 5.0;
				TARGETED_DEVICE_FAMILY = "1,2";
			};
			name = Debug;
		};
		D7DC3E1525E5CF470024C9AF /* Release */ = {
			isa = XCBuildConfiguration;
			buildSettings = {
				ASSETCATALOG_COMPILER_APPICON_NAME = AppIcon;
				ASSETCATALOG_COMPILER_GLOBAL_ACCENT_COLOR_NAME = AccentColor;
				CODE_SIGN_STYLE = Automatic;
				DEVELOPMENT_ASSET_PATHS = "\"MoonShot/Preview Content\"";
				DEVELOPMENT_TEAM = SVBG9WTA7B;
				ENABLE_PREVIEWS = YES;
				INFOPLIST_FILE = MoonShot/Info.plist;
				IPHONEOS_DEPLOYMENT_TARGET = 14.0;
				LD_RUNPATH_SEARCH_PATHS = (
					"$(inherited)",
					"@executable_path/Frameworks",
				);
				PRODUCT_BUNDLE_IDENTIFIER = com.cyndichin.MoonShot;
				PRODUCT_NAME = "$(TARGET_NAME)";
				SWIFT_VERSION = 5.0;
				TARGETED_DEVICE_FAMILY = "1,2";
			};
			name = Release;
		};
		D7DC3E1725E5CF470024C9AF /* Debug */ = {
			isa = XCBuildConfiguration;
			buildSettings = {
				ALWAYS_EMBED_SWIFT_STANDARD_LIBRARIES = YES;
				BUNDLE_LOADER = "$(TEST_HOST)";
				CODE_SIGN_STYLE = Automatic;
				DEVELOPMENT_TEAM = SVBG9WTA7B;
				INFOPLIST_FILE = MoonShotTests/Info.plist;
				IPHONEOS_DEPLOYMENT_TARGET = 14.0;
				LD_RUNPATH_SEARCH_PATHS = (
					"$(inherited)",
					"@executable_path/Frameworks",
					"@loader_path/Frameworks",
				);
				PRODUCT_BUNDLE_IDENTIFIER = com.cyndichin.MoonShotTests;
				PRODUCT_NAME = "$(TARGET_NAME)";
				SWIFT_VERSION = 5.0;
				TARGETED_DEVICE_FAMILY = "1,2";
				TEST_HOST = "$(BUILT_PRODUCTS_DIR)/MoonShot.app/MoonShot";
			};
			name = Debug;
		};
		D7DC3E1825E5CF470024C9AF /* Release */ = {
			isa = XCBuildConfiguration;
			buildSettings = {
				ALWAYS_EMBED_SWIFT_STANDARD_LIBRARIES = YES;
				BUNDLE_LOADER = "$(TEST_HOST)";
				CODE_SIGN_STYLE = Automatic;
				DEVELOPMENT_TEAM = SVBG9WTA7B;
				INFOPLIST_FILE = MoonShotTests/Info.plist;
				IPHONEOS_DEPLOYMENT_TARGET = 14.0;
				LD_RUNPATH_SEARCH_PATHS = (
					"$(inherited)",
					"@executable_path/Frameworks",
					"@loader_path/Frameworks",
				);
				PRODUCT_BUNDLE_IDENTIFIER = com.cyndichin.MoonShotTests;
				PRODUCT_NAME = "$(TARGET_NAME)";
				SWIFT_VERSION = 5.0;
				TARGETED_DEVICE_FAMILY = "1,2";
				TEST_HOST = "$(BUILT_PRODUCTS_DIR)/MoonShot.app/MoonShot";
			};
			name = Release;
		};
		D7DC3E1A25E5CF470024C9AF /* Debug */ = {
			isa = XCBuildConfiguration;
			buildSettings = {
				ALWAYS_EMBED_SWIFT_STANDARD_LIBRARIES = YES;
				CODE_SIGN_STYLE = Automatic;
				DEVELOPMENT_TEAM = SVBG9WTA7B;
				INFOPLIST_FILE = MoonShotUITests/Info.plist;
				LD_RUNPATH_SEARCH_PATHS = (
					"$(inherited)",
					"@executable_path/Frameworks",
					"@loader_path/Frameworks",
				);
				PRODUCT_BUNDLE_IDENTIFIER = com.cyndichin.MoonShotUITests;
				PRODUCT_NAME = "$(TARGET_NAME)";
				SWIFT_VERSION = 5.0;
				TARGETED_DEVICE_FAMILY = "1,2";
				TEST_TARGET_NAME = MoonShot;
			};
			name = Debug;
		};
		D7DC3E1B25E5CF470024C9AF /* Release */ = {
			isa = XCBuildConfiguration;
			buildSettings = {
				ALWAYS_EMBED_SWIFT_STANDARD_LIBRARIES = YES;
				CODE_SIGN_STYLE = Automatic;
				DEVELOPMENT_TEAM = SVBG9WTA7B;
				INFOPLIST_FILE = MoonShotUITests/Info.plist;
				LD_RUNPATH_SEARCH_PATHS = (
					"$(inherited)",
					"@executable_path/Frameworks",
					"@loader_path/Frameworks",
				);
				PRODUCT_BUNDLE_IDENTIFIER = com.cyndichin.MoonShotUITests;
				PRODUCT_NAME = "$(TARGET_NAME)";
				SWIFT_VERSION = 5.0;
				TARGETED_DEVICE_FAMILY = "1,2";
				TEST_TARGET_NAME = MoonShot;
			};
			name = Release;
		};
/* End XCBuildConfiguration section */

/* Begin XCConfigurationList section */
		D7DC3DE925E5CF3A0024C9AF /* Build configuration list for PBXProject "MoonShot" */ = {
			isa = XCConfigurationList;
			buildConfigurations = (
				D7DC3E1125E5CF470024C9AF /* Debug */,
				D7DC3E1225E5CF470024C9AF /* Release */,
			);
			defaultConfigurationIsVisible = 0;
			defaultConfigurationName = Release;
		};
		D7DC3E1325E5CF470024C9AF /* Build configuration list for PBXNativeTarget "MoonShot" */ = {
			isa = XCConfigurationList;
			buildConfigurations = (
				D7DC3E1425E5CF470024C9AF /* Debug */,
				D7DC3E1525E5CF470024C9AF /* Release */,
			);
			defaultConfigurationIsVisible = 0;
			defaultConfigurationName = Release;
		};
		D7DC3E1625E5CF470024C9AF /* Build configuration list for PBXNativeTarget "MoonShotTests" */ = {
			isa = XCConfigurationList;
			buildConfigurations = (
				D7DC3E1725E5CF470024C9AF /* Debug */,
				D7DC3E1825E5CF470024C9AF /* Release */,
			);
			defaultConfigurationIsVisible = 0;
			defaultConfigurationName = Release;
		};
		D7DC3E1925E5CF470024C9AF /* Build configuration list for PBXNativeTarget "MoonShotUITests" */ = {
			isa = XCConfigurationList;
			buildConfigurations = (
				D7DC3E1A25E5CF470024C9AF /* Debug */,
				D7DC3E1B25E5CF470024C9AF /* Release */,
			);
			defaultConfigurationIsVisible = 0;
			defaultConfigurationName = Release;
		};
/* End XCConfigurationList section */
	};
	rootObject = D7DC3DE625E5CF3A0024C9AF /* Project object */;
}
